// !$*UTF8*$!
{
	archiveVersion = 1;
	classes = {
	};
	objectVersion = 46;
	objects = {

/* Begin PBXBuildFile section */
		84B6B35E1E8215430069C06B /* main.swift in Sources */ = {isa = PBXBuildFile; fileRef = 84B6B35D1E8215430069C06B /* main.swift */; };
		84B6B3661E8215530069C06B /* Heap.swift in Sources */ = {isa = PBXBuildFile; fileRef = 84B6B3641E8215530069C06B /* Heap.swift */; };
		84B6B3671E8215530069C06B /* TestHelper.swift in Sources */ = {isa = PBXBuildFile; fileRef = 84B6B3651E8215530069C06B /* TestHelper.swift */; };
/* End PBXBuildFile section */

/* Begin PBXCopyFilesBuildPhase section */
		84B6B3581E8215430069C06B /* CopyFiles */ = {
			isa = PBXCopyFilesBuildPhase;
			buildActionMask = 2147483647;
			dstPath = /usr/share/man/man1/;
			dstSubfolderSpec = 0;
			files = (
			);
			runOnlyForDeploymentPostprocessing = 1;
		};
/* End PBXCopyFilesBuildPhase section */

/* Begin PBXFileReference section */
		84B6B35A1E8215430069C06B /* 14-HeapSort-Heapify */ = {isa = PBXFileReference; explicitFileType = "compiled.mach-o.executable"; includeInIndex = 0; path = "14-HeapSort-Heapify"; sourceTree = BUILT_PRODUCTS_DIR; };
		84B6B35D1E8215430069C06B /* main.swift */ = {isa = PBXFileReference; lastKnownFileType = sourcecode.swift; path = main.swift; sourceTree = "<group>"; };
		84B6B3641E8215530069C06B /* Heap.swift */ = {isa = PBXFileReference; fileEncoding = 4; lastKnownFileType = sourcecode.swift; path = Heap.swift; sourceTree = "<group>"; };
		84B6B3651E8215530069C06B /* TestHelper.swift */ = {isa = PBXFileReference; fileEncoding = 4; lastKnownFileType = sourcecode.swift; path = TestHelper.swift; sourceTree = "<group>"; };
/* End PBXFileReference section */

/* Begin PBXFrameworksBuildPhase section */
		84B6B3571E8215430069C06B /* Frameworks */ = {
			isa = PBXFrameworksBuildPhase;
			buildActionMask = 2147483647;
			files = (
			);
			runOnlyForDeploymentPostprocessing = 0;
		};
/* End PBXFrameworksBuildPhase section */

/* Begin PBXGroup section */
		84B6B3511E8215430069C06B = {
			isa = PBXGroup;
			children = (
				84B6B35C1E8215430069C06B /* 14-HeapSort-Heapify */,
				84B6B35B1E8215430069C06B /* Products */,
			);
			sourceTree = "<group>";
		};
		84B6B35B1E8215430069C06B /* Products */ = {
			isa = PBXGroup;
			children = (
				84B6B35A1E8215430069C06B /* 14-HeapSort-Heapify */,
			);
			name = Products;
			sourceTree = "<group>";
		};
		84B6B35C1E8215430069C06B /* 14-HeapSort-Heapify */ = {
			isa = PBXGroup;
			children = (
				84B6B35D1E8215430069C06B /* main.swift */,
				84B6B3641E8215530069C06B /* Heap.swift */,
				84B6B3651E8215530069C06B /* TestHelper.swift */,
			);
			path = "14-HeapSort-Heapify";
			sourceTree = "<group>";
		};
/* End PBXGroup section */

/* Begin PBXNativeTarget section */
		84B6B3591E8215430069C06B /* 14-HeapSort-Heapify */ = {
			isa = PBXNativeTarget;
			buildConfigurationList = 84B6B3611E8215430069C06B /* Build configuration list for PBXNativeTarget "14-HeapSort-Heapify" */;
			buildPhases = (
				84B6B3561E8215430069C06B /* Sources */,
				84B6B3571E8215430069C06B /* Frameworks */,
				84B6B3581E8215430069C06B /* CopyFiles */,
			);
			buildRules = (
			);
			dependencies = (
			);
			name = "14-HeapSort-Heapify";
			productName = "14-HeapSort-Heapify";
			productReference = 84B6B35A1E8215430069C06B /* 14-HeapSort-Heapify */;
			productType = "com.apple.product-type.tool";
		};
/* End PBXNativeTarget section */

/* Begin PBXProject section */
		84B6B3521E8215430069C06B /* Project object */ = {
			isa = PBXProject;
			attributes = {
				LastSwiftUpdateCheck = 0820;
				LastUpgradeCheck = 0820;
				ORGANIZATIONNAME = "买明";
				TargetAttributes = {
					84B6B3591E8215430069C06B = {
						CreatedOnToolsVersion = 8.2.1;
						DevelopmentTeam = LEG7CXMPKJ;
						ProvisioningStyle = Automatic;
					};
				};
			};
			buildConfigurationList = 84B6B3551E8215430069C06B /* Build configuration list for PBXProject "14-HeapSort-Heapify" */;
			compatibilityVersion = "Xcode 3.2";
			developmentRegion = English;
			hasScannedForEncodings = 0;
			knownRegions = (
				en,
			);
			mainGroup = 84B6B3511E8215430069C06B;
			productRefGroup = 84B6B35B1E8215430069C06B /* Products */;
			projectDirPath = "";
			projectRoot = "";
			targets = (
				84B6B3591E8215430069C06B /* 14-HeapSort-Heapify */,
			);
		};
/* End PBXProject section */

/* Begin PBXSourcesBuildPhase section */
		84B6B3561E8215430069C06B /* Sources */ = {
			isa = PBXSourcesBuildPhase;
			buildActionMask = 2147483647;
			files = (
				84B6B3671E8215530069C06B /* TestHelper.swift in Sources */,
				84B6B35E1E8215430069C06B /* main.swift in Sources */,
				84B6B3661E8215530069C06B /* Heap.swift in Sources */,
			);
			runOnlyForDeploymentPostprocessing = 0;
		};
/* End PBXSourcesBuildPhase section */

/* Begin XCBuildConfiguration section */
		84B6B35F1E8215430069C06B /* Debug */ = {
			isa = XCBuildConfiguration;
			buildSettings = {
				ALWAYS_SEARCH_USER_PATHS = NO;
				CLANG_ANALYZER_NONNULL = YES;
				CLANG_CXX_LANGUAGE_STANDARD = "gnu++0x";
				CLANG_CXX_LIBRARY = "libc++";
				CLANG_ENABLE_MODULES = YES;
				CLANG_ENABLE_OBJC_ARC = YES;
				CLANG_WARN_BOOL_CONVERSION = YES;
				CLANG_WARN_CONSTANT_CONVERSION = YES;
				CLANG_WARN_DIRECT_OBJC_ISA_USAGE = YES_ERROR;
				CLANG_WARN_DOCUMENTATION_COMMENTS = YES;
				CLANG_WARN_EMPTY_BODY = YES;
				CLANG_WARN_ENUM_CONVERSION = YES;
				CLANG_WARN_INFINITE_RECURSION = YES;
				CLANG_WARN_INT_CONVERSION = YES;
				CLANG_WARN_OBJC_ROOT_CLASS = YES_ERROR;
				CLANG_WARN_SUSPICIOUS_MOVE = YES;
				CLANG_WARN_UNREACHABLE_CODE = YES;
				CLANG_WARN__DUPLICATE_METHOD_MATCH = YES;
				CODE_SIGN_IDENTITY = "-";
				COPY_PHASE_STRIP = NO;
				DEBUG_INFORMATION_FORMAT = dwarf;
				ENABLE_STRICT_OBJC_MSGSEND = YES;
				ENABLE_TESTABILITY = YES;
				GCC_C_LANGUAGE_STANDARD = gnu99;
				GCC_DYNAMIC_NO_PIC = NO;
				GCC_NO_COMMON_BLOCKS = YES;
				GCC_OPTIMIZATION_LEVEL = 0;
				GCC_PREPROCESSOR_DEFINITIONS = (
					"DEBUG=1",
					"$(inherited)",
				);
				GCC_WARN_64_TO_32_BIT_CONVERSION = YES;
				GCC_WARN_ABOUT_RETURN_TYPE = YES_ERROR;
				GCC_WARN_UNDECLARED_SELECTOR = YES;
				GCC_WARN_UNINITIALIZED_AUTOS = YES_AGGRESSIVE;
				GCC_WARN_UNUSED_FUNCTION = YES;
				GCC_WARN_UNUSED_VARIABLE = YES;
				MACOSX_DEPLOYMENT_TARGET = 10.12;
				MTL_ENABLE_DEBUG_INFO = YES;
				ONLY_ACTIVE_ARCH = YES;
				SDKROOT = macosx;
				SWIFT_OPTIMIZATION_LEVEL = "-Onone";
			};
			name = Debug;
		};
		84B6B3601E8215430069C06B /* Release */ = {
			isa = XCBuildConfiguration;
			buildSettings = {
				ALWAYS_SEARCH_USER_PATHS = NO;
				CLANG_ANALYZER_NONNULL = YES;
				CLANG_CXX_LANGUAGE_STANDARD = "gnu++0x";
				CLANG_CXX_LIBRARY = "libc++";
				CLANG_ENABLE_MODULES = YES;
				CLANG_ENABLE_OBJC_ARC = YES;
				CLANG_WARN_BOOL_CONVERSION = YES;
				CLANG_WARN_CONSTANT_CONVERSION = YES;
				CLANG_WARN_DIRECT_OBJC_ISA_USAGE = YES_ERROR;
				CLANG_WARN_DOCUMENTATION_COMMENTS = YES;
				CLANG_WARN_EMPTY_BODY = YES;
				CLANG_WARN_ENUM_CONVERSION = YES;
				CLANG_WARN_INFINITE_RECURSION = YES;
				CLANG_WARN_INT_CONVERSION = YES;
				CLANG_WARN_OBJC_ROOT_CLASS = YES_ERROR;
				CLANG_WARN_SUSPICIOUS_MOVE = YES;
				CLANG_WARN_UNREACHABLE_CODE = YES;
				CLANG_WARN__DUPLICATE_METHOD_MATCH = YES;
				CODE_SIGN_IDENTITY = "-";
				COPY_PHASE_STRIP = NO;
				DEBUG_INFORMATION_FORMAT = "dwarf-with-dsym";
				ENABLE_NS_ASSERTIONS = NO;
				ENABLE_STRICT_OBJC_MSGSEND = YES;
				GCC_C_LANGUAGE_STANDARD = gnu99;
				GCC_NO_COMMON_BLOCKS = YES;
				GCC_WARN_64_TO_32_BIT_CONVERSION = YES;
				GCC_WARN_ABOUT_RETURN_TYPE = YES_ERROR;
				GCC_WARN_UNDECLARED_SELECTOR = YES;
				GCC_WARN_UNINITIALIZED_AUTOS = YES_AGGRESSIVE;
				GCC_WARN_UNUSED_FUNCTION = YES;
				GCC_WARN_UNUSED_VARIABLE = YES;
				MACOSX_DEPLOYMENT_TARGET = 10.12;
				MTL_ENABLE_DEBUG_INFO = NO;
				SDKROOT = macosx;
			};
			name = Release;
		};
		84B6B3621E8215430069C06B /* Debug */ = {
			isa = XCBuildConfiguration;
			buildSettings = {
				DEVELOPMENT_TEAM = LEG7CXMPKJ;
				PRODUCT_NAME = "$(TARGET_NAME)";
				SWIFT_VERSION = 3.0;
			};
			name = Debug;
		};
		84B6B3631E8215430069C06B /* Release */ = {
			isa = XCBuildConfiguration;
			buildSettings = {
				DEVELOPMENT_TEAM = LEG7CXMPKJ;
				PRODUCT_NAME = "$(TARGET_NAME)";
				SWIFT_VERSION = 3.0;
			};
			name = Release;
		};
/* End XCBuildConfiguration section */

/* Begin XCConfigurationList section */
		84B6B3551E8215430069C06B /* Build configuration list for PBXProject "14-HeapSort-Heapify" */ = {
			isa = XCConfigurationList;
			buildConfigurations = (
				84B6B35F1E8215430069C06B /* Debug */,
				84B6B3601E8215430069C06B /* Release */,
			);
			defaultConfigurationIsVisible = 0;
			defaultConfigurationName = Release;
		};
		84B6B3611E8215430069C06B /* Build configuration list for PBXNativeTarget "14-HeapSort-Heapify" */ = {
			isa = XCConfigurationList;
			buildConfigurations = (
				84B6B3621E8215430069C06B /* Debug */,
				84B6B3631E8215430069C06B /* Release */,
			);
			defaultConfigurationIsVisible = 0;
		};
/* End XCConfigurationList section */
	};
	rootObject = 84B6B3521E8215430069C06B /* Project object */;
}
