// !$*UTF8*$!
{
	archiveVersion = 1;
	classes = {
	};
	objectVersion = 46;
	objects = {

/* Begin PBXBuildFile section */
		844F45BB1F5DBF0200A2D1C9 /* main.swift in Sources */ = {isa = PBXBuildFile; fileRef = 844F45BA1F5DBF0200A2D1C9 /* main.swift */; };
/* End PBXBuildFile section */

/* Begin PBXCopyFilesBuildPhase section */
		844F45B51F5DBF0200A2D1C9 /* CopyFiles */ = {
			isa = PBXCopyFilesBuildPhase;
			buildActionMask = 2147483647;
			dstPath = /usr/share/man/man1/;
			dstSubfolderSpec = 0;
			files = (
			);
			runOnlyForDeploymentPostprocessing = 1;
		};
/* End PBXCopyFilesBuildPhase section */

/* Begin PBXFileReference section */
		844F45B71F5DBF0200A2D1C9 /* 01-BinarySearch */ = {isa = PBXFileReference; explicitFileType = "compiled.mach-o.executable"; includeInIndex = 0; path = "01-BinarySearch"; sourceTree = BUILT_PRODUCTS_DIR; };
		844F45BA1F5DBF0200A2D1C9 /* main.swift */ = {isa = PBXFileReference; lastKnownFileType = sourcecode.swift; path = main.swift; sourceTree = "<group>"; };
/* End PBXFileReference section */

/* Begin PBXFrameworksBuildPhase section */
		844F45B41F5DBF0200A2D1C9 /* Frameworks */ = {
			isa = PBXFrameworksBuildPhase;
			buildActionMask = 2147483647;
			files = (
			);
			runOnlyForDeploymentPostprocessing = 0;
		};
/* End PBXFrameworksBuildPhase section */

/* Begin PBXGroup section */
		844F45AE1F5DBF0200A2D1C9 = {
			isa = PBXGroup;
			children = (
				844F45B91F5DBF0200A2D1C9 /* 01-BinarySearch */,
				844F45B81F5DBF0200A2D1C9 /* Products */,
			);
			sourceTree = "<group>";
		};
		844F45B81F5DBF0200A2D1C9 /* Products */ = {
			isa = PBXGroup;
			children = (
				844F45B71F5DBF0200A2D1C9 /* 01-BinarySearch */,
			);
			name = Products;
			sourceTree = "<group>";
		};
		844F45B91F5DBF0200A2D1C9 /* 01-BinarySearch */ = {
			isa = PBXGroup;
			children = (
				844F45BA1F5DBF0200A2D1C9 /* main.swift */,
			);
			path = "01-BinarySearch";
			sourceTree = "<group>";
		};
/* End PBXGroup section */

/* Begin PBXNativeTarget section */
		844F45B61F5DBF0200A2D1C9 /* 01-BinarySearch */ = {
			isa = PBXNativeTarget;
			buildConfigurationList = 844F45BE1F5DBF0200A2D1C9 /* Build configuration list for PBXNativeTarget "01-BinarySearch" */;
			buildPhases = (
				844F45B31F5DBF0200A2D1C9 /* Sources */,
				844F45B41F5DBF0200A2D1C9 /* Frameworks */,
				844F45B51F5DBF0200A2D1C9 /* CopyFiles */,
			);
			buildRules = (
			);
			dependencies = (
			);
			name = "01-BinarySearch";
			productName = "01-BinarySearch";
			productReference = 844F45B71F5DBF0200A2D1C9 /* 01-BinarySearch */;
			productType = "com.apple.product-type.tool";
		};
/* End PBXNativeTarget section */

/* Begin PBXProject section */
		844F45AF1F5DBF0200A2D1C9 /* Project object */ = {
			isa = PBXProject;
			attributes = {
				LastSwiftUpdateCheck = 0830;
				LastUpgradeCheck = 0830;
				ORGANIZATIONNAME = kingcos;
				TargetAttributes = {
					844F45B61F5DBF0200A2D1C9 = {
						CreatedOnToolsVersion = 8.3.3;
						DevelopmentTeam = LEG7CXMPKJ;
						ProvisioningStyle = Automatic;
					};
				};
			};
			buildConfigurationList = 844F45B21F5DBF0200A2D1C9 /* Build configuration list for PBXProject "01-BinarySearch" */;
			compatibilityVersion = "Xcode 3.2";
			developmentRegion = English;
			hasScannedForEncodings = 0;
			knownRegions = (
				en,
			);
			mainGroup = 844F45AE1F5DBF0200A2D1C9;
			productRefGroup = 844F45B81F5DBF0200A2D1C9 /* Products */;
			projectDirPath = "";
			projectRoot = "";
			targets = (
				844F45B61F5DBF0200A2D1C9 /* 01-BinarySearch */,
			);
		};
/* End PBXProject section */

/* Begin PBXSourcesBuildPhase section */
		844F45B31F5DBF0200A2D1C9 /* Sources */ = {
			isa = PBXSourcesBuildPhase;
			buildActionMask = 2147483647;
			files = (
				844F45BB1F5DBF0200A2D1C9 /* main.swift in Sources */,
			);
			runOnlyForDeploymentPostprocessing = 0;
		};
/* End PBXSourcesBuildPhase section */

/* Begin XCBuildConfiguration section */
		844F45BC1F5DBF0200A2D1C9 /* Debug */ = {
			isa = XCBuildConfiguration;
			buildSettings = {
				ALWAYS_SEARCH_USER_PATHS = NO;
				CLANG_ANALYZER_NONNULL = YES;
				CLANG_ANALYZER_NUMBER_OBJECT_CONVERSION = YES_AGGRESSIVE;
				CLANG_CXX_LANGUAGE_STANDARD = "gnu++0x";
				CLANG_CXX_LIBRARY = "libc++";
				CLANG_ENABLE_MODULES = YES;
				CLANG_ENABLE_OBJC_ARC = YES;
				CLANG_WARN_BOOL_CONVERSION = YES;
				CLANG_WARN_CONSTANT_CONVERSION = YES;
				CLANG_WARN_DIRECT_OBJC_ISA_USAGE = YES_ERROR;
				CLANG_WARN_DOCUMENTATION_COMMENTS = YES;
				CLANG_WARN_EMPTY_BODY = YES;
				CLANG_WARN_ENUM_CONVERSION = YES;
				CLANG_WARN_INFINITE_RECURSION = YES;
				CLANG_WARN_INT_CONVERSION = YES;
				CLANG_WARN_OBJC_ROOT_CLASS = YES_ERROR;
				CLANG_WARN_SUSPICIOUS_MOVE = YES;
				CLANG_WARN_UNREACHABLE_CODE = YES;
				CLANG_WARN__DUPLICATE_METHOD_MATCH = YES;
				CODE_SIGN_IDENTITY = "-";
				COPY_PHASE_STRIP = NO;
				DEBUG_INFORMATION_FORMAT = dwarf;
				ENABLE_STRICT_OBJC_MSGSEND = YES;
				ENABLE_TESTABILITY = YES;
				GCC_C_LANGUAGE_STANDARD = gnu99;
				GCC_DYNAMIC_NO_PIC = NO;
				GCC_NO_COMMON_BLOCKS = YES;
				GCC_OPTIMIZATION_LEVEL = 0;
				GCC_PREPROCESSOR_DEFINITIONS = (
					"DEBUG=1",
					"$(inherited)",
				);
				GCC_WARN_64_TO_32_BIT_CONVERSION = YES;
				GCC_WARN_ABOUT_RETURN_TYPE = YES_ERROR;
				GCC_WARN_UNDECLARED_SELECTOR = YES;
				GCC_WARN_UNINITIALIZED_AUTOS = YES_AGGRESSIVE;
				GCC_WARN_UNUSED_FUNCTION = YES;
				GCC_WARN_UNUSED_VARIABLE = YES;
				MACOSX_DEPLOYMENT_TARGET = 10.13;
				MTL_ENABLE_DEBUG_INFO = YES;
				ONLY_ACTIVE_ARCH = YES;
				SDKROOT = macosx;
				SWIFT_OPTIMIZATION_LEVEL = "-Onone";
			};
			name = Debug;
		};
		844F45BD1F5DBF0200A2D1C9 /* Release */ = {
			isa = XCBuildConfiguration;
			buildSettings = {
				ALWAYS_SEARCH_USER_PATHS = NO;
				CLANG_ANALYZER_NONNULL = YES;
				CLANG_ANALYZER_NUMBER_OBJECT_CONVERSION = YES_AGGRESSIVE;
				CLANG_CXX_LANGUAGE_STANDARD = "gnu++0x";
				CLANG_CXX_LIBRARY = "libc++";
				CLANG_ENABLE_MODULES = YES;
				CLANG_ENABLE_OBJC_ARC = YES;
				CLANG_WARN_BOOL_CONVERSION = YES;
				CLANG_WARN_CONSTANT_CONVERSION = YES;
				CLANG_WARN_DIRECT_OBJC_ISA_USAGE = YES_ERROR;
				CLANG_WARN_DOCUMENTATION_COMMENTS = YES;
				CLANG_WARN_EMPTY_BODY = YES;
				CLANG_WARN_ENUM_CONVERSION = YES;
				CLANG_WARN_INFINITE_RECURSION = YES;
				CLANG_WARN_INT_CONVERSION = YES;
				CLANG_WARN_OBJC_ROOT_CLASS = YES_ERROR;
				CLANG_WARN_SUSPICIOUS_MOVE = YES;
				CLANG_WARN_UNREACHABLE_CODE = YES;
				CLANG_WARN__DUPLICATE_METHOD_MATCH = YES;
				CODE_SIGN_IDENTITY = "-";
				COPY_PHASE_STRIP = NO;
				DEBUG_INFORMATION_FORMAT = "dwarf-with-dsym";
				ENABLE_NS_ASSERTIONS = NO;
				ENABLE_STRICT_OBJC_MSGSEND = YES;
				GCC_C_LANGUAGE_STANDARD = gnu99;
				GCC_NO_COMMON_BLOCKS = YES;
				GCC_WARN_64_TO_32_BIT_CONVERSION = YES;
				GCC_WARN_ABOUT_RETURN_TYPE = YES_ERROR;
				GCC_WARN_UNDECLARED_SELECTOR = YES;
				GCC_WARN_UNINITIALIZED_AUTOS = YES_AGGRESSIVE;
				GCC_WARN_UNUSED_FUNCTION = YES;
				GCC_WARN_UNUSED_VARIABLE = YES;
				MACOSX_DEPLOYMENT_TARGET = 10.13;
				MTL_ENABLE_DEBUG_INFO = NO;
				SDKROOT = macosx;
			};
			name = Release;
		};
		844F45BF1F5DBF0200A2D1C9 /* Debug */ = {
			isa = XCBuildConfiguration;
			buildSettings = {
				DEVELOPMENT_TEAM = LEG7CXMPKJ;
				PRODUCT_NAME = "$(TARGET_NAME)";
				SWIFT_VERSION = 3.0;
			};
			name = Debug;
		};
		844F45C01F5DBF0200A2D1C9 /* Release */ = {
			isa = XCBuildConfiguration;
			buildSettings = {
				DEVELOPMENT_TEAM = LEG7CXMPKJ;
				PRODUCT_NAME = "$(TARGET_NAME)";
				SWIFT_VERSION = 3.0;
			};
			name = Release;
		};
/* End XCBuildConfiguration section */

/* Begin XCConfigurationList section */
		844F45B21F5DBF0200A2D1C9 /* Build configuration list for PBXProject "01-BinarySearch" */ = {
			isa = XCConfigurationList;
			buildConfigurations = (
				844F45BC1F5DBF0200A2D1C9 /* Debug */,
				844F45BD1F5DBF0200A2D1C9 /* Release */,
			);
			defaultConfigurationIsVisible = 0;
			defaultConfigurationName = Release;
		};
		844F45BE1F5DBF0200A2D1C9 /* Build configuration list for PBXNativeTarget "01-BinarySearch" */ = {
			isa = XCConfigurationList;
			buildConfigurations = (
				844F45BF1F5DBF0200A2D1C9 /* Debug */,
				844F45C01F5DBF0200A2D1C9 /* Release */,
			);
			defaultConfigurationIsVisible = 0;
		};
/* End XCConfigurationList section */
	};
	rootObject = 844F45AF1F5DBF0200A2D1C9 /* Project object */;
}
